
Microsoft Visual Studio Solution File, Format Version 12.00
# Visual Studio Version 17
VisualStudioVersion = 17.13.35828.75 d17.13
MinimumVisualStudioVersion = 10.0.40219.1
Project("{54A90642-561A-4BB1-A94E-469ADEE60C69}") = "weatherthreading.client", "weatherthreading.client\weatherthreading.client.esproj", "{F427464E-7E6E-7A9B-38E1-A6A055AFF54A}"
EndProject
Project("{FAE04EC0-301F-11D3-BF4B-00C04F79EFBC}") = "WeatherThreading.Server", "WeatherThreading.Server\WeatherThreading.Server.csproj", "{C4A671B8-A4C8-4A5C-8009-D3EFFF3B3A26}"
EndProject
Global
	GlobalSection(SolutionConfigurationPlatforms) = preSolution
		Debug|Any CPU = Debug|Any CPU
		Release|Any CPU = Release|Any CPU
	EndGlobalSection
	GlobalSection(ProjectConfigurationPlatforms) = postSolution
		{F427464E-7E6E-7A9B-38E1-A6A055AFF54A}.Debug|Any CPU.ActiveCfg = Debug|Any CPU
		{F427464E-7E6E-7A9B-38E1-A6A055AFF54A}.Debug|Any CPU.Build.0 = Debug|Any CPU
		{F427464E-7E6E-7A9B-38E1-A6A055AFF54A}.Debug|Any CPU.Deploy.0 = Debug|Any CPU
		{F427464E-7E6E-7A9B-38E1-A6A055AFF54A}.Release|Any CPU.ActiveCfg = Release|Any CPU
		{F427464E-7E6E-7A9B-38E1-A6A055AFF54A}.Release|Any CPU.Build.0 = Release|Any CPU
		{F427464E-7E6E-7A9B-38E1-A6A055AFF54A}.Release|Any CPU.Deploy.0 = Release|Any CPU
		{C4A671B8-A4C8-4A5C-8009-D3EFFF3B3A26}.Debug|Any CPU.ActiveCfg = Debug|Any CPU
		{C4A671B8-A4C8-4A5C-8009-D3EFFF3B3A26}.Debug|Any CPU.Build.0 = Debug|Any CPU
		{C4A671B8-A4C8-4A5C-8009-D3EFFF3B3A26}.Release|Any CPU.ActiveCfg = Release|Any CPU
		{C4A671B8-A4C8-4A5C-8009-D3EFFF3B3A26}.Release|Any CPU.Build.0 = Release|Any CPU
	EndGlobalSection
	GlobalSection(SolutionProperties) = preSolution
		HideSolutionNode = FALSE
	EndGlobalSection
	GlobalSection(ExtensibilityGlobals) = postSolution
		SolutionGuid = {4462C8D9-19FA-413C-A54C-6FD0BA3B3545}
	EndGlobalSection
EndGlobal
